
Microsoft Visual Studio Solution File, Format Version 12.00
# Visual Studio 2012
Project("{8BC9CEB8-8B4A-11D0-8D11-00A0C91BC942}") = "Лаба18", "Лаба18\Лаба18.vcxproj", "{893006F3-C3CD-4CBB-B27B-D84E041B5A89}"
EndProject
Global
	GlobalSection(SolutionConfigurationPlatforms) = preSolution
		Debug|Win32 = Debug|Win32
		Release|Win32 = Release|Win32
	EndGlobalSection
	GlobalSection(ProjectConfigurationPlatforms) = postSolution
		{893006F3-C3CD-4CBB-B27B-D84E041B5A89}.Debug|Win32.ActiveCfg = Debug|Win32
		{893006F3-C3CD-4CBB-B27B-D84E041B5A89}.Debug|Win32.Build.0 = Debug|Win32
		{893006F3-C3CD-4CBB-B27B-D84E041B5A89}.Release|Win32.ActiveCfg = Release|Win32
		{893006F3-C3CD-4CBB-B27B-D84E041B5A89}.Release|Win32.Build.0 = Release|Win32
	EndGlobalSection
	GlobalSection(SolutionProperties) = preSolution
		HideSolutionNode = FALSE
	EndGlobalSection
EndGlobal
