
Microsoft Visual Studio Solution File, Format Version 11.00
# Visual Studio 2010
Project("{8BC9CEB8-8B4A-11D0-8D11-00A0C91BC942}") = "SAOD_lab_4_1", "SAOD_lab_4_1\SAOD_lab_4_1.vcxproj", "{430EF296-A0F9-4011-8D52-BBBB9CFC92EA}"
EndProject
Global
	GlobalSection(SolutionConfigurationPlatforms) = preSolution
		Debug|Win32 = Debug|Win32
		Release|Win32 = Release|Win32
	EndGlobalSection
	GlobalSection(ProjectConfigurationPlatforms) = postSolution
		{430EF296-A0F9-4011-8D52-BBBB9CFC92EA}.Debug|Win32.ActiveCfg = Debug|Win32
		{430EF296-A0F9-4011-8D52-BBBB9CFC92EA}.Debug|Win32.Build.0 = Debug|Win32
		{430EF296-A0F9-4011-8D52-BBBB9CFC92EA}.Release|Win32.ActiveCfg = Release|Win32
		{430EF296-A0F9-4011-8D52-BBBB9CFC92EA}.Release|Win32.Build.0 = Release|Win32
	EndGlobalSection
	GlobalSection(SolutionProperties) = preSolution
		HideSolutionNode = FALSE
	EndGlobalSection
EndGlobal
